
Microsoft Visual Studio Solution File, Format Version 12.00
Project("{FAE04EC0-301F-11D3-BF4B-00C04F79EFBC}") = "DiscordBot", "src\DiscordBot\DiscordBot.csproj", "{A78A33A7-3315-43E2-8472-B81E7E630CEC}"
EndProject
Project("{FAE04EC0-301F-11D3-BF4B-00C04F79EFBC}") = "DiscordBot.Infrastructure", "src\DiscordBot.Infrastructure\DiscordBot.Infrastructure.csproj", "{BA29AC1C-468E-4278-AAB8-3D686153779E}"
EndProject
Project("{FAE04EC0-301F-11D3-BF4B-00C04F79EFBC}") = "DiscordBot.Domain", "src\DiscordBot.Domain\DiscordBot.Domain.csproj", "{149669AC-378B-4CDB-95BD-61BA4358060B}"
EndProject
Project("{FAE04EC0-301F-11D3-BF4B-00C04F79EFBC}") = "DiscordBot.Application", "src\DiscordBot.Application\DiscordBot.Application.csproj", "{3AD5C4B4-2866-4F06-A6A8-2D18018CD686}"
EndProject
Project("{FAE04EC0-301F-11D3-BF4B-00C04F79EFBC}") = "DiscordBot.Infrastructure.Common", "src\DiscordBot.Infrastructure.Common\DiscordBot.Infrastructure.Common.csproj", "{FCB5FF71-EE21-4386-9B04-D12A0907FFD6}"
EndProject
Global
	GlobalSection(SolutionConfigurationPlatforms) = preSolution
		Debug|Any CPU = Debug|Any CPU
		Release|Any CPU = Release|Any CPU
	EndGlobalSection
	GlobalSection(NestedProjects) = preSolution
		{A78A33A7-3315-43E2-8472-B81E7E630CEC} = {598681C0-6E07-4374-B322-EDAAC0236CEC}
	EndGlobalSection
	GlobalSection(ProjectConfigurationPlatforms) = postSolution
		{A78A33A7-3315-43E2-8472-B81E7E630CEC}.Debug|Any CPU.ActiveCfg = Debug|Any CPU
		{A78A33A7-3315-43E2-8472-B81E7E630CEC}.Debug|Any CPU.Build.0 = Debug|Any CPU
		{A78A33A7-3315-43E2-8472-B81E7E630CEC}.Release|Any CPU.ActiveCfg = Release|Any CPU
		{A78A33A7-3315-43E2-8472-B81E7E630CEC}.Release|Any CPU.Build.0 = Release|Any CPU
		{BA29AC1C-468E-4278-AAB8-3D686153779E}.Debug|Any CPU.ActiveCfg = Debug|Any CPU
		{BA29AC1C-468E-4278-AAB8-3D686153779E}.Debug|Any CPU.Build.0 = Debug|Any CPU
		{BA29AC1C-468E-4278-AAB8-3D686153779E}.Release|Any CPU.ActiveCfg = Release|Any CPU
		{BA29AC1C-468E-4278-AAB8-3D686153779E}.Release|Any CPU.Build.0 = Release|Any CPU
		{149669AC-378B-4CDB-95BD-61BA4358060B}.Debug|Any CPU.ActiveCfg = Debug|Any CPU
		{149669AC-378B-4CDB-95BD-61BA4358060B}.Debug|Any CPU.Build.0 = Debug|Any CPU
		{149669AC-378B-4CDB-95BD-61BA4358060B}.Release|Any CPU.ActiveCfg = Release|Any CPU
		{149669AC-378B-4CDB-95BD-61BA4358060B}.Release|Any CPU.Build.0 = Release|Any CPU
		{3AD5C4B4-2866-4F06-A6A8-2D18018CD686}.Debug|Any CPU.ActiveCfg = Debug|Any CPU
		{3AD5C4B4-2866-4F06-A6A8-2D18018CD686}.Debug|Any CPU.Build.0 = Debug|Any CPU
		{3AD5C4B4-2866-4F06-A6A8-2D18018CD686}.Release|Any CPU.ActiveCfg = Release|Any CPU
		{3AD5C4B4-2866-4F06-A6A8-2D18018CD686}.Release|Any CPU.Build.0 = Release|Any CPU
		{FCB5FF71-EE21-4386-9B04-D12A0907FFD6}.Debug|Any CPU.ActiveCfg = Debug|Any CPU
		{FCB5FF71-EE21-4386-9B04-D12A0907FFD6}.Debug|Any CPU.Build.0 = Debug|Any CPU
		{FCB5FF71-EE21-4386-9B04-D12A0907FFD6}.Release|Any CPU.ActiveCfg = Release|Any CPU
		{FCB5FF71-EE21-4386-9B04-D12A0907FFD6}.Release|Any CPU.Build.0 = Release|Any CPU
	EndGlobalSection
EndGlobal
